// !$*UTF8*$!
{
	archiveVersion = 1;
	classes = {
	};
	objectVersion = 55;
	objects = {

/* Begin PBXBuildFile section */
		A31996F928602527009429DC /* iOS_SwiftUI_TodoApp.swift in Sources */ = {isa = PBXBuildFile; fileRef = A31996F828602527009429DC /* iOS_SwiftUI_TodoApp.swift */; };
		A31996FB28602527009429DC /* ContentView.swift in Sources */ = {isa = PBXBuildFile; fileRef = A31996FA28602527009429DC /* ContentView.swift */; };
		A31996FD28602528009429DC /* Assets.xcassets in Resources */ = {isa = PBXBuildFile; fileRef = A31996FC28602528009429DC /* Assets.xcassets */; };
		A319970028602528009429DC /* Preview Assets.xcassets in Resources */ = {isa = PBXBuildFile; fileRef = A31996FF28602528009429DC /* Preview Assets.xcassets */; };
		A31997082860256D009429DC /* Realm in Frameworks */ = {isa = PBXBuildFile; productRef = A31997072860256D009429DC /* Realm */; };
		A319970A2860256D009429DC /* RealmSwift in Frameworks */ = {isa = PBXBuildFile; productRef = A31997092860256D009429DC /* RealmSwift */; };
		A319970C28602593009429DC /* Task.swift in Sources */ = {isa = PBXBuildFile; fileRef = A319970B28602593009429DC /* Task.swift */; };
		A319970E286025A1009429DC /* TaskRowView.swift in Sources */ = {isa = PBXBuildFile; fileRef = A319970D286025A1009429DC /* TaskRowView.swift */; };
		A3199710286025B0009429DC /* TaskListView.swift in Sources */ = {isa = PBXBuildFile; fileRef = A319970F286025B0009429DC /* TaskListView.swift */; };
		A3199712286025BE009429DC /* AddTaskView.swift in Sources */ = {isa = PBXBuildFile; fileRef = A3199711286025BE009429DC /* AddTaskView.swift */; };
		A3199714286025CD009429DC /* TaskObject.swift in Sources */ = {isa = PBXBuildFile; fileRef = A3199713286025CD009429DC /* TaskObject.swift */; };
		A3199716286025D9009429DC /* TaskViewModel.swift in Sources */ = {isa = PBXBuildFile; fileRef = A3199715286025D9009429DC /* TaskViewModel.swift */; };
		A3199718286025EB009429DC /* TaskView.swift in Sources */ = {isa = PBXBuildFile; fileRef = A3199717286025EB009429DC /* TaskView.swift */; };
/* End PBXBuildFile section */

/* Begin PBXFileReference section */
		A31996F528602527009429DC /* iOS-SwiftUI-Todo.app */ = {isa = PBXFileReference; explicitFileType = wrapper.application; includeInIndex = 0; path = "iOS-SwiftUI-Todo.app"; sourceTree = BUILT_PRODUCTS_DIR; };
		A31996F828602527009429DC /* iOS_SwiftUI_TodoApp.swift */ = {isa = PBXFileReference; lastKnownFileType = sourcecode.swift; path = iOS_SwiftUI_TodoApp.swift; sourceTree = "<group>"; };
		A31996FA28602527009429DC /* ContentView.swift */ = {isa = PBXFileReference; lastKnownFileType = sourcecode.swift; path = ContentView.swift; sourceTree = "<group>"; };
		A31996FC28602528009429DC /* Assets.xcassets */ = {isa = PBXFileReference; lastKnownFileType = folder.assetcatalog; path = Assets.xcassets; sourceTree = "<group>"; };
		A31996FF28602528009429DC /* Preview Assets.xcassets */ = {isa = PBXFileReference; lastKnownFileType = folder.assetcatalog; path = "Preview Assets.xcassets"; sourceTree = "<group>"; };
		A319970B28602593009429DC /* Task.swift */ = {isa = PBXFileReference; lastKnownFileType = sourcecode.swift; path = Task.swift; sourceTree = "<group>"; };
		A319970D286025A1009429DC /* TaskRowView.swift */ = {isa = PBXFileReference; lastKnownFileType = sourcecode.swift; path = TaskRowView.swift; sourceTree = "<group>"; };
		A319970F286025B0009429DC /* TaskListView.swift */ = {isa = PBXFileReference; lastKnownFileType = sourcecode.swift; path = TaskListView.swift; sourceTree = "<group>"; };
		A3199711286025BE009429DC /* AddTaskView.swift */ = {isa = PBXFileReference; lastKnownFileType = sourcecode.swift; path = AddTaskView.swift; sourceTree = "<group>"; };
		A3199713286025CD009429DC /* TaskObject.swift */ = {isa = PBXFileReference; lastKnownFileType = sourcecode.swift; path = TaskObject.swift; sourceTree = "<group>"; };
		A3199715286025D9009429DC /* TaskViewModel.swift */ = {isa = PBXFileReference; lastKnownFileType = sourcecode.swift; path = TaskViewModel.swift; sourceTree = "<group>"; };
		A3199717286025EB009429DC /* TaskView.swift */ = {isa = PBXFileReference; lastKnownFileType = sourcecode.swift; path = TaskView.swift; sourceTree = "<group>"; };
/* End PBXFileReference section */

/* Begin PBXFrameworksBuildPhase section */
		A31996F228602527009429DC /* Frameworks */ = {
			isa = PBXFrameworksBuildPhase;
			buildActionMask = 2147483647;
			files = (
				A319970A2860256D009429DC /* RealmSwift in Frameworks */,
				A31997082860256D009429DC /* Realm in Frameworks */,
			);
			runOnlyForDeploymentPostprocessing = 0;
		};
/* End PBXFrameworksBuildPhase section */

/* Begin PBXGroup section */
		A31996EC28602527009429DC = {
			isa = PBXGroup;
			children = (
				A31996F728602527009429DC /* iOS-SwiftUI-Todo */,
				A31996F628602527009429DC /* Products */,
			);
			sourceTree = "<group>";
		};
		A31996F628602527009429DC /* Products */ = {
			isa = PBXGroup;
			children = (
				A31996F528602527009429DC /* iOS-SwiftUI-Todo.app */,
			);
			name = Products;
			sourceTree = "<group>";
		};
		A31996F728602527009429DC /* iOS-SwiftUI-Todo */ = {
			isa = PBXGroup;
			children = (
				A32D65A7286A192E00F5B0AB /* View Model */,
				A32D65A6286A191100F5B0AB /* Views */,
				A32D65A5286A18FC00F5B0AB /* Data Models */,
				A31996F828602527009429DC /* iOS_SwiftUI_TodoApp.swift */,
				A31996FA28602527009429DC /* ContentView.swift */,
				A31996FC28602528009429DC /* Assets.xcassets */,
				A31996FE28602528009429DC /* Preview Content */,
			);
			path = "iOS-SwiftUI-Todo";
			sourceTree = "<group>";
		};
		A31996FE28602528009429DC /* Preview Content */ = {
			isa = PBXGroup;
			children = (
				A31996FF28602528009429DC /* Preview Assets.xcassets */,
			);
			path = "Preview Content";
			sourceTree = "<group>";
		};
		A32D65A5286A18FC00F5B0AB /* Data Models */ = {
			isa = PBXGroup;
			children = (
				A319970B28602593009429DC /* Task.swift */,
				A3199713286025CD009429DC /* TaskObject.swift */,
			);
			path = "Data Models";
			sourceTree = "<group>";
		};
		A32D65A6286A191100F5B0AB /* Views */ = {
			isa = PBXGroup;
			children = (
				A319970D286025A1009429DC /* TaskRowView.swift */,
				A319970F286025B0009429DC /* TaskListView.swift */,
				A3199711286025BE009429DC /* AddTaskView.swift */,
				A3199717286025EB009429DC /* TaskView.swift */,
			);
			path = Views;
			sourceTree = "<group>";
		};
		A32D65A7286A192E00F5B0AB /* View Model */ = {
			isa = PBXGroup;
			children = (
				A3199715286025D9009429DC /* TaskViewModel.swift */,
			);
			path = "View Model";
			sourceTree = "<group>";
		};
/* End PBXGroup section */

/* Begin PBXNativeTarget section */
		A31996F428602527009429DC /* iOS-SwiftUI-Todo */ = {
			isa = PBXNativeTarget;
			buildConfigurationList = A319970328602528009429DC /* Build configuration list for PBXNativeTarget "iOS-SwiftUI-Todo" */;
			buildPhases = (
				A31996F128602527009429DC /* Sources */,
				A31996F228602527009429DC /* Frameworks */,
				A31996F328602527009429DC /* Resources */,
			);
			buildRules = (
			);
			dependencies = (
			);
			name = "iOS-SwiftUI-Todo";
			packageProductDependencies = (
				A31997072860256D009429DC /* Realm */,
				A31997092860256D009429DC /* RealmSwift */,
			);
			productName = "iOS-SwiftUI-Todo";
			productReference = A31996F528602527009429DC /* iOS-SwiftUI-Todo.app */;
			productType = "com.apple.product-type.application";
		};
/* End PBXNativeTarget section */

/* Begin PBXProject section */
		A31996ED28602527009429DC /* Project object */ = {
			isa = PBXProject;
			attributes = {
				BuildIndependentTargetsInParallel = 1;
				LastSwiftUpdateCheck = 1340;
				LastUpgradeCheck = 1340;
				TargetAttributes = {
					A31996F428602527009429DC = {
						CreatedOnToolsVersion = 13.4.1;
					};
				};
			};
			buildConfigurationList = A31996F028602527009429DC /* Build configuration list for PBXProject "iOS-SwiftUI-Todo" */;
			compatibilityVersion = "Xcode 13.0";
			developmentRegion = en;
			hasScannedForEncodings = 0;
			knownRegions = (
				en,
				Base,
			);
			mainGroup = A31996EC28602527009429DC;
			packageReferences = (
				A31997062860256D009429DC /* XCRemoteSwiftPackageReference "realm-swift" */,
			);
			productRefGroup = A31996F628602527009429DC /* Products */;
			projectDirPath = "";
			projectRoot = "";
			targets = (
				A31996F428602527009429DC /* iOS-SwiftUI-Todo */,
			);
		};
/* End PBXProject section */

/* Begin PBXResourcesBuildPhase section */
		A31996F328602527009429DC /* Resources */ = {
			isa = PBXResourcesBuildPhase;
			buildActionMask = 2147483647;
			files = (
				A319970028602528009429DC /* Preview Assets.xcassets in Resources */,
				A31996FD28602528009429DC /* Assets.xcassets in Resources */,
			);
			runOnlyForDeploymentPostprocessing = 0;
		};
/* End PBXResourcesBuildPhase section */

/* Begin PBXSourcesBuildPhase section */
		A31996F128602527009429DC /* Sources */ = {
			isa = PBXSourcesBuildPhase;
			buildActionMask = 2147483647;
			files = (
				A3199718286025EB009429DC /* TaskView.swift in Sources */,
				A31996FB28602527009429DC /* ContentView.swift in Sources */,
				A319970C28602593009429DC /* Task.swift in Sources */,
				A3199710286025B0009429DC /* TaskListView.swift in Sources */,
				A3199712286025BE009429DC /* AddTaskView.swift in Sources */,
				A3199714286025CD009429DC /* TaskObject.swift in Sources */,
				A3199716286025D9009429DC /* TaskViewModel.swift in Sources */,
				A319970E286025A1009429DC /* TaskRowView.swift in Sources */,
				A31996F928602527009429DC /* iOS_SwiftUI_TodoApp.swift in Sources */,
			);
			runOnlyForDeploymentPostprocessing = 0;
		};
/* End PBXSourcesBuildPhase section */

/* Begin XCBuildConfiguration section */
		A319970128602528009429DC /* Debug */ = {
			isa = XCBuildConfiguration;
			buildSettings = {
				ALWAYS_SEARCH_USER_PATHS = NO;
				CLANG_ANALYZER_NONNULL = YES;
				CLANG_ANALYZER_NUMBER_OBJECT_CONVERSION = YES_AGGRESSIVE;
				CLANG_CXX_LANGUAGE_STANDARD = "gnu++17";
				CLANG_ENABLE_MODULES = YES;
				CLANG_ENABLE_OBJC_ARC = YES;
				CLANG_ENABLE_OBJC_WEAK = YES;
				CLANG_WARN_BLOCK_CAPTURE_AUTORELEASING = YES;
				CLANG_WARN_BOOL_CONVERSION = YES;
				CLANG_WARN_COMMA = YES;
				CLANG_WARN_CONSTANT_CONVERSION = YES;
				CLANG_WARN_DEPRECATED_OBJC_IMPLEMENTATIONS = YES;
				CLANG_WARN_DIRECT_OBJC_ISA_USAGE = YES_ERROR;
				CLANG_WARN_DOCUMENTATION_COMMENTS = YES;
				CLANG_WARN_EMPTY_BODY = YES;
				CLANG_WARN_ENUM_CONVERSION = YES;
				CLANG_WARN_INFINITE_RECURSION = YES;
				CLANG_WARN_INT_CONVERSION = YES;
				CLANG_WARN_NON_LITERAL_NULL_CONVERSION = YES;
				CLANG_WARN_OBJC_IMPLICIT_RETAIN_SELF = YES;
				CLANG_WARN_OBJC_LITERAL_CONVERSION = YES;
				CLANG_WARN_OBJC_ROOT_CLASS = YES_ERROR;
				CLANG_WARN_QUOTED_INCLUDE_IN_FRAMEWORK_HEADER = YES;
				CLANG_WARN_RANGE_LOOP_ANALYSIS = YES;
				CLANG_WARN_STRICT_PROTOTYPES = YES;
				CLANG_WARN_SUSPICIOUS_MOVE = YES;
				CLANG_WARN_UNGUARDED_AVAILABILITY = YES_AGGRESSIVE;
				CLANG_WARN_UNREACHABLE_CODE = YES;
				CLANG_WARN__DUPLICATE_METHOD_MATCH = YES;
				COPY_PHASE_STRIP = NO;
				DEBUG_INFORMATION_FORMAT = dwarf;
				ENABLE_STRICT_OBJC_MSGSEND = YES;
				ENABLE_TESTABILITY = YES;
				GCC_C_LANGUAGE_STANDARD = gnu11;
				GCC_DYNAMIC_NO_PIC = NO;
				GCC_NO_COMMON_BLOCKS = YES;
				GCC_OPTIMIZATION_LEVEL = 0;
				GCC_PREPROCESSOR_DEFINITIONS = (
					"DEBUG=1",
					"$(inherited)",
				);
				GCC_WARN_64_TO_32_BIT_CONVERSION = YES;
				GCC_WARN_ABOUT_RETURN_TYPE = YES_ERROR;
				GCC_WARN_UNDECLARED_SELECTOR = YES;
				GCC_WARN_UNINITIALIZED_AUTOS = YES_AGGRESSIVE;
				GCC_WARN_UNUSED_FUNCTION = YES;
				GCC_WARN_UNUSED_VARIABLE = YES;
				IPHONEOS_DEPLOYMENT_TARGET = 15.5;
				MTL_ENABLE_DEBUG_INFO = INCLUDE_SOURCE;
				MTL_FAST_MATH = YES;
				ONLY_ACTIVE_ARCH = YES;
				SDKROOT = iphoneos;
				SWIFT_ACTIVE_COMPILATION_CONDITIONS = DEBUG;
				SWIFT_OPTIMIZATION_LEVEL = "-Onone";
			};
			name = Debug;
		};
		A319970228602528009429DC /* Release */ = {
			isa = XCBuildConfiguration;
			buildSettings = {
				ALWAYS_SEARCH_USER_PATHS = NO;
				CLANG_ANALYZER_NONNULL = YES;
				CLANG_ANALYZER_NUMBER_OBJECT_CONVERSION = YES_AGGRESSIVE;
				CLANG_CXX_LANGUAGE_STANDARD = "gnu++17";
				CLANG_ENABLE_MODULES = YES;
				CLANG_ENABLE_OBJC_ARC = YES;
				CLANG_ENABLE_OBJC_WEAK = YES;
				CLANG_WARN_BLOCK_CAPTURE_AUTORELEASING = YES;
				CLANG_WARN_BOOL_CONVERSION = YES;
				CLANG_WARN_COMMA = YES;
				CLANG_WARN_CONSTANT_CONVERSION = YES;
				CLANG_WARN_DEPRECATED_OBJC_IMPLEMENTATIONS = YES;
				CLANG_WARN_DIRECT_OBJC_ISA_USAGE = YES_ERROR;
				CLANG_WARN_DOCUMENTATION_COMMENTS = YES;
				CLANG_WARN_EMPTY_BODY = YES;
				CLANG_WARN_ENUM_CONVERSION = YES;
				CLANG_WARN_INFINITE_RECURSION = YES;
				CLANG_WARN_INT_CONVERSION = YES;
				CLANG_WARN_NON_LITERAL_NULL_CONVERSION = YES;
				CLANG_WARN_OBJC_IMPLICIT_RETAIN_SELF = YES;
				CLANG_WARN_OBJC_LITERAL_CONVERSION = YES;
				CLANG_WARN_OBJC_ROOT_CLASS = YES_ERROR;
				CLANG_WARN_QUOTED_INCLUDE_IN_FRAMEWORK_HEADER = YES;
				CLANG_WARN_RANGE_LOOP_ANALYSIS = YES;
				CLANG_WARN_STRICT_PROTOTYPES = YES;
				CLANG_WARN_SUSPICIOUS_MOVE = YES;
				CLANG_WARN_UNGUARDED_AVAILABILITY = YES_AGGRESSIVE;
				CLANG_WARN_UNREACHABLE_CODE = YES;
				CLANG_WARN__DUPLICATE_METHOD_MATCH = YES;
				COPY_PHASE_STRIP = NO;
				DEBUG_INFORMATION_FORMAT = "dwarf-with-dsym";
				ENABLE_NS_ASSERTIONS = NO;
				ENABLE_STRICT_OBJC_MSGSEND = YES;
				GCC_C_LANGUAGE_STANDARD = gnu11;
				GCC_NO_COMMON_BLOCKS = YES;
				GCC_WARN_64_TO_32_BIT_CONVERSION = YES;
				GCC_WARN_ABOUT_RETURN_TYPE = YES_ERROR;
				GCC_WARN_UNDECLARED_SELECTOR = YES;
				GCC_WARN_UNINITIALIZED_AUTOS = YES_AGGRESSIVE;
				GCC_WARN_UNUSED_FUNCTION = YES;
				GCC_WARN_UNUSED_VARIABLE = YES;
				IPHONEOS_DEPLOYMENT_TARGET = 15.5;
				MTL_ENABLE_DEBUG_INFO = NO;
				MTL_FAST_MATH = YES;
				SDKROOT = iphoneos;
				SWIFT_COMPILATION_MODE = wholemodule;
				SWIFT_OPTIMIZATION_LEVEL = "-O";
				VALIDATE_PRODUCT = YES;
			};
			name = Release;
		};
		A319970428602528009429DC /* Debug */ = {
			isa = XCBuildConfiguration;
			buildSettings = {
				ASSETCATALOG_COMPILER_APPICON_NAME = AppIcon;
				ASSETCATALOG_COMPILER_GLOBAL_ACCENT_COLOR_NAME = AccentColor;
				CODE_SIGN_STYLE = Automatic;
				CURRENT_PROJECT_VERSION = 1;
				DEVELOPMENT_ASSET_PATHS = "\"iOS-SwiftUI-Todo/Preview Content\"";
				DEVELOPMENT_TEAM = 9BYHJS9G56;
				ENABLE_PREVIEWS = YES;
				GENERATE_INFOPLIST_FILE = YES;
				INFOPLIST_KEY_UIApplicationSceneManifest_Generation = YES;
				INFOPLIST_KEY_UIApplicationSupportsIndirectInputEvents = YES;
				INFOPLIST_KEY_UILaunchScreen_Generation = YES;
				INFOPLIST_KEY_UISupportedInterfaceOrientations_iPad = "UIInterfaceOrientationPortrait UIInterfaceOrientationPortraitUpsideDown UIInterfaceOrientationLandscapeLeft UIInterfaceOrientationLandscapeRight";
				INFOPLIST_KEY_UISupportedInterfaceOrientations_iPhone = "UIInterfaceOrientationPortrait UIInterfaceOrientationLandscapeLeft UIInterfaceOrientationLandscapeRight";
				LD_RUNPATH_SEARCH_PATHS = (
					"$(inherited)",
					"@executable_path/Frameworks",
				);
				MARKETING_VERSION = 1.0;
				PRODUCT_BUNDLE_IDENTIFIER = "com.mostafa-davoodi.iOS-SwiftUI-Todo";
				PRODUCT_NAME = "$(TARGET_NAME)";
				SWIFT_EMIT_LOC_STRINGS = YES;
				SWIFT_VERSION = 5.0;
				TARGETED_DEVICE_FAMILY = "1,2";
			};
			name = Debug;
		};
		A319970528602528009429DC /* Release */ = {
			isa = XCBuildConfiguration;
			buildSettings = {
				ASSETCATALOG_COMPILER_APPICON_NAME = AppIcon;
				ASSETCATALOG_COMPILER_GLOBAL_ACCENT_COLOR_NAME = AccentColor;
				CODE_SIGN_STYLE = Automatic;
				CURRENT_PROJECT_VERSION = 1;
				DEVELOPMENT_ASSET_PATHS = "\"iOS-SwiftUI-Todo/Preview Content\"";
				DEVELOPMENT_TEAM = 9BYHJS9G56;
				ENABLE_PREVIEWS = YES;
				GENERATE_INFOPLIST_FILE = YES;
				INFOPLIST_KEY_UIApplicationSceneManifest_Generation = YES;
				INFOPLIST_KEY_UIApplicationSupportsIndirectInputEvents = YES;
				INFOPLIST_KEY_UILaunchScreen_Generation = YES;
				INFOPLIST_KEY_UISupportedInterfaceOrientations_iPad = "UIInterfaceOrientationPortrait UIInterfaceOrientationPortraitUpsideDown UIInterfaceOrientationLandscapeLeft UIInterfaceOrientationLandscapeRight";
				INFOPLIST_KEY_UISupportedInterfaceOrientations_iPhone = "UIInterfaceOrientationPortrait UIInterfaceOrientationLandscapeLeft UIInterfaceOrientationLandscapeRight";
				LD_RUNPATH_SEARCH_PATHS = (
					"$(inherited)",
					"@executable_path/Frameworks",
				);
				MARKETING_VERSION = 1.0;
				PRODUCT_BUNDLE_IDENTIFIER = "com.mostafa-davoodi.iOS-SwiftUI-Todo";
				PRODUCT_NAME = "$(TARGET_NAME)";
				SWIFT_EMIT_LOC_STRINGS = YES;
				SWIFT_VERSION = 5.0;
				TARGETED_DEVICE_FAMILY = "1,2";
			};
			name = Release;
		};
/* End XCBuildConfiguration section */

/* Begin XCConfigurationList section */
		A31996F028602527009429DC /* Build configuration list for PBXProject "iOS-SwiftUI-Todo" */ = {
			isa = XCConfigurationList;
			buildConfigurations = (
				A319970128602528009429DC /* Debug */,
				A319970228602528009429DC /* Release */,
			);
			defaultConfigurationIsVisible = 0;
			defaultConfigurationName = Release;
		};
		A319970328602528009429DC /* Build configuration list for PBXNativeTarget "iOS-SwiftUI-Todo" */ = {
			isa = XCConfigurationList;
			buildConfigurations = (
				A319970428602528009429DC /* Debug */,
				A319970528602528009429DC /* Release */,
			);
			defaultConfigurationIsVisible = 0;
			defaultConfigurationName = Release;
		};
/* End XCConfigurationList section */

/* Begin XCRemoteSwiftPackageReference section */
		A31997062860256D009429DC /* XCRemoteSwiftPackageReference "realm-swift" */ = {
			isa = XCRemoteSwiftPackageReference;
			repositoryURL = "https://github.com/realm/realm-swift";
			requirement = {
				branch = master;
				kind = branch;
			};
		};
/* End XCRemoteSwiftPackageReference section */

/* Begin XCSwiftPackageProductDependency section */
		A31997072860256D009429DC /* Realm */ = {
			isa = XCSwiftPackageProductDependency;
			package = A31997062860256D009429DC /* XCRemoteSwiftPackageReference "realm-swift" */;
			productName = Realm;
		};
		A31997092860256D009429DC /* RealmSwift */ = {
			isa = XCSwiftPackageProductDependency;
			package = A31997062860256D009429DC /* XCRemoteSwiftPackageReference "realm-swift" */;
			productName = RealmSwift;
		};
/* End XCSwiftPackageProductDependency section */
	};
	rootObject = A31996ED28602527009429DC /* Project object */;
}
